// !$*UTF8*$!
{
	archiveVersion = 1;
	classes = {
	};
	objectVersion = 46;
	objects = {

/* Begin PBXBuildFile section */
		22446B65320D4E659CD10530 /* libPods.a in Frameworks */ = {isa = PBXBuildFile; fileRef = DBACDF3B5112465AB6DED32B /* libPods.a */; };
		D6C4F6FB19D1C5380075A39D /* AppDelegate.swift in Sources */ = {isa = PBXBuildFile; fileRef = D6C4F6FA19D1C5380075A39D /* AppDelegate.swift */; };
		D6C4F70019D1C5380075A39D /* Main.storyboard in Resources */ = {isa = PBXBuildFile; fileRef = D6C4F6FE19D1C5380075A39D /* Main.storyboard */; };
		D6C4F70219D1C5380075A39D /* Images.xcassets in Resources */ = {isa = PBXBuildFile; fileRef = D6C4F70119D1C5380075A39D /* Images.xcassets */; };
		D6C4F70519D1C5380075A39D /* LaunchScreen.xib in Resources */ = {isa = PBXBuildFile; fileRef = D6C4F70319D1C5380075A39D /* LaunchScreen.xib */; };
		D6C4F71119D1C5380075A39D /* YelpTests.swift in Sources */ = {isa = PBXBuildFile; fileRef = D6C4F71019D1C5380075A39D /* YelpTests.swift */; };
		D6C4F71D19D1C7150075A39D /* RestaurantsViewController.swift in Sources */ = {isa = PBXBuildFile; fileRef = D6C4F71C19D1C7150075A39D /* RestaurantsViewController.swift */; };
		D6C4F71F19D1C9340075A39D /* YelpClient.swift in Sources */ = {isa = PBXBuildFile; fileRef = D6C4F71E19D1C9340075A39D /* YelpClient.swift */; };
		D6C4F72619D1CB9A0075A39D /* RestaurantCell.swift in Sources */ = {isa = PBXBuildFile; fileRef = D6C4F72519D1CB9A0075A39D /* RestaurantCell.swift */; };
		D6C4F72819D1CF7E0075A39D /* Restaurant.swift in Sources */ = {isa = PBXBuildFile; fileRef = D6C4F72719D1CF7E0075A39D /* Restaurant.swift */; };
		D6C4F72A19D250520075A39D /* FilterViewController.swift in Sources */ = {isa = PBXBuildFile; fileRef = D6C4F72919D250520075A39D /* FilterViewController.swift */; };
		D6D6104419D29A88001FA690 /* FilterCell.swift in Sources */ = {isa = PBXBuildFile; fileRef = D6D6104319D29A88001FA690 /* FilterCell.swift */; };
/* End PBXBuildFile section */

/* Begin PBXContainerItemProxy section */
		D6C4F70B19D1C5380075A39D /* PBXContainerItemProxy */ = {
			isa = PBXContainerItemProxy;
			containerPortal = D6C4F6ED19D1C5380075A39D /* Project object */;
			proxyType = 1;
			remoteGlobalIDString = D6C4F6F419D1C5380075A39D;
			remoteInfo = Yelp;
		};
/* End PBXContainerItemProxy section */

/* Begin PBXFileReference section */
		D6C4F6F519D1C5380075A39D /* Yelp.app */ = {isa = PBXFileReference; explicitFileType = wrapper.application; includeInIndex = 0; path = Yelp.app; sourceTree = BUILT_PRODUCTS_DIR; };
		D6C4F6F919D1C5380075A39D /* Info.plist */ = {isa = PBXFileReference; lastKnownFileType = text.plist.xml; path = Info.plist; sourceTree = "<group>"; };
		D6C4F6FA19D1C5380075A39D /* AppDelegate.swift */ = {isa = PBXFileReference; lastKnownFileType = sourcecode.swift; path = AppDelegate.swift; sourceTree = "<group>"; };
		D6C4F6FF19D1C5380075A39D /* Base */ = {isa = PBXFileReference; lastKnownFileType = file.storyboard; name = Base; path = Base.lproj/Main.storyboard; sourceTree = "<group>"; };
		D6C4F70119D1C5380075A39D /* Images.xcassets */ = {isa = PBXFileReference; lastKnownFileType = folder.assetcatalog; path = Images.xcassets; sourceTree = "<group>"; };
		D6C4F70419D1C5380075A39D /* Base */ = {isa = PBXFileReference; lastKnownFileType = file.xib; name = Base; path = Base.lproj/LaunchScreen.xib; sourceTree = "<group>"; };
		D6C4F70A19D1C5380075A39D /* YelpTests.xctest */ = {isa = PBXFileReference; explicitFileType = wrapper.cfbundle; includeInIndex = 0; path = YelpTests.xctest; sourceTree = BUILT_PRODUCTS_DIR; };
		D6C4F70F19D1C5380075A39D /* Info.plist */ = {isa = PBXFileReference; lastKnownFileType = text.plist.xml; path = Info.plist; sourceTree = "<group>"; };
		D6C4F71019D1C5380075A39D /* YelpTests.swift */ = {isa = PBXFileReference; lastKnownFileType = sourcecode.swift; path = YelpTests.swift; sourceTree = "<group>"; };
		D6C4F71C19D1C7150075A39D /* RestaurantsViewController.swift */ = {isa = PBXFileReference; fileEncoding = 4; lastKnownFileType = sourcecode.swift; path = RestaurantsViewController.swift; sourceTree = "<group>"; };
		D6C4F71E19D1C9340075A39D /* YelpClient.swift */ = {isa = PBXFileReference; fileEncoding = 4; lastKnownFileType = sourcecode.swift; path = YelpClient.swift; sourceTree = "<group>"; };
		D6C4F72019D1C94B0075A39D /* Yelp-Bridging-Header.h */ = {isa = PBXFileReference; lastKnownFileType = sourcecode.c.h; path = "Yelp-Bridging-Header.h"; sourceTree = "<group>"; };
		D6C4F72519D1CB9A0075A39D /* RestaurantCell.swift */ = {isa = PBXFileReference; fileEncoding = 4; lastKnownFileType = sourcecode.swift; path = RestaurantCell.swift; sourceTree = "<group>"; };
		D6C4F72719D1CF7E0075A39D /* Restaurant.swift */ = {isa = PBXFileReference; fileEncoding = 4; lastKnownFileType = sourcecode.swift; path = Restaurant.swift; sourceTree = "<group>"; };
		D6C4F72919D250520075A39D /* FilterViewController.swift */ = {isa = PBXFileReference; fileEncoding = 4; lastKnownFileType = sourcecode.swift; path = FilterViewController.swift; sourceTree = "<group>"; };
		D6D6104319D29A88001FA690 /* FilterCell.swift */ = {isa = PBXFileReference; fileEncoding = 4; lastKnownFileType = sourcecode.swift; path = FilterCell.swift; sourceTree = "<group>"; };
		D99E9A2867E447C1BCB356CC /* Pods.xcconfig */ = {isa = PBXFileReference; includeInIndex = 1; lastKnownFileType = text.xcconfig; name = Pods.xcconfig; path = Pods/Pods.xcconfig; sourceTree = "<group>"; };
		DBACDF3B5112465AB6DED32B /* libPods.a */ = {isa = PBXFileReference; explicitFileType = archive.ar; includeInIndex = 0; path = libPods.a; sourceTree = BUILT_PRODUCTS_DIR; };
/* End PBXFileReference section */

/* Begin PBXFrameworksBuildPhase section */
		D6C4F6F219D1C5380075A39D /* Frameworks */ = {
			isa = PBXFrameworksBuildPhase;
			buildActionMask = 2147483647;
			files = (
				22446B65320D4E659CD10530 /* libPods.a in Frameworks */,
			);
			runOnlyForDeploymentPostprocessing = 0;
		};
		D6C4F70719D1C5380075A39D /* Frameworks */ = {
			isa = PBXFrameworksBuildPhase;
			buildActionMask = 2147483647;
			files = (
			);
			runOnlyForDeploymentPostprocessing = 0;
		};
/* End PBXFrameworksBuildPhase section */

/* Begin PBXGroup section */
		34678B5B70C24A559295749A /* Frameworks */ = {
			isa = PBXGroup;
			children = (
				DBACDF3B5112465AB6DED32B /* libPods.a */,
			);
			name = Frameworks;
			sourceTree = "<group>";
		};
		D6C4F6EC19D1C5380075A39D = {
			isa = PBXGroup;
			children = (
				D6C4F6F719D1C5380075A39D /* Yelp */,
				D6C4F70D19D1C5380075A39D /* YelpTests */,
				D6C4F6F619D1C5380075A39D /* Products */,
				D99E9A2867E447C1BCB356CC /* Pods.xcconfig */,
				34678B5B70C24A559295749A /* Frameworks */,
			);
			sourceTree = "<group>";
		};
		D6C4F6F619D1C5380075A39D /* Products */ = {
			isa = PBXGroup;
			children = (
				D6C4F6F519D1C5380075A39D /* Yelp.app */,
				D6C4F70A19D1C5380075A39D /* YelpTests.xctest */,
			);
			name = Products;
			sourceTree = "<group>";
		};
		D6C4F6F719D1C5380075A39D /* Yelp */ = {
			isa = PBXGroup;
			children = (
				D6C4F72419D1CB480075A39D /* View Controllers */,
				D6C4F72319D1CB210075A39D /* API */,
				D6C4F71B19D1C6FA0075A39D /* Model */,
				D6C4F6FA19D1C5380075A39D /* AppDelegate.swift */,
				D6C4F71A19D1C6F00075A39D /* Views */,
				D6C4F6FE19D1C5380075A39D /* Main.storyboard */,
				D6C4F70119D1C5380075A39D /* Images.xcassets */,
				D6C4F70319D1C5380075A39D /* LaunchScreen.xib */,
				D6C4F6F819D1C5380075A39D /* Supporting Files */,
				D6C4F72019D1C94B0075A39D /* Yelp-Bridging-Header.h */,
			);
			path = Yelp;
			sourceTree = "<group>";
		};
		D6C4F6F819D1C5380075A39D /* Supporting Files */ = {
			isa = PBXGroup;
			children = (
				D6C4F6F919D1C5380075A39D /* Info.plist */,
			);
			name = "Supporting Files";
			sourceTree = "<group>";
		};
		D6C4F70D19D1C5380075A39D /* YelpTests */ = {
			isa = PBXGroup;
			children = (
				D6C4F71019D1C5380075A39D /* YelpTests.swift */,
				D6C4F70E19D1C5380075A39D /* Supporting Files */,
			);
			path = YelpTests;
			sourceTree = "<group>";
		};
		D6C4F70E19D1C5380075A39D /* Supporting Files */ = {
			isa = PBXGroup;
			children = (
				D6C4F70F19D1C5380075A39D /* Info.plist */,
			);
			name = "Supporting Files";
			sourceTree = "<group>";
		};
		D6C4F71A19D1C6F00075A39D /* Views */ = {
			isa = PBXGroup;
			children = (
				D6C4F72519D1CB9A0075A39D /* RestaurantCell.swift */,
				D6D6104319D29A88001FA690 /* FilterCell.swift */,
			);
			name = Views;
			sourceTree = "<group>";
		};
		D6C4F71B19D1C6FA0075A39D /* Model */ = {
			isa = PBXGroup;
			children = (
				D6C4F72719D1CF7E0075A39D /* Restaurant.swift */,
			);
			name = Model;
			sourceTree = "<group>";
		};
		D6C4F72319D1CB210075A39D /* API */ = {
			isa = PBXGroup;
			children = (
				D6C4F71E19D1C9340075A39D /* YelpClient.swift */,
			);
			name = API;
			sourceTree = "<group>";
		};
		D6C4F72419D1CB480075A39D /* View Controllers */ = {
			isa = PBXGroup;
			children = (
				D6C4F71C19D1C7150075A39D /* RestaurantsViewController.swift */,
				D6C4F72919D250520075A39D /* FilterViewController.swift */,
			);
			name = "View Controllers";
			sourceTree = "<group>";
		};
/* End PBXGroup section */

/* Begin PBXNativeTarget section */
		D6C4F6F419D1C5380075A39D /* Yelp */ = {
			isa = PBXNativeTarget;
			buildConfigurationList = D6C4F71419D1C5380075A39D /* Build configuration list for PBXNativeTarget "Yelp" */;
			buildPhases = (
				06741168EE794CC79A32106C /* Check Pods Manifest.lock */,
				D6C4F6F119D1C5380075A39D /* Sources */,
				D6C4F6F219D1C5380075A39D /* Frameworks */,
				D6C4F6F319D1C5380075A39D /* Resources */,
				F3FC93591D684759988CF3FF /* Copy Pods Resources */,
			);
			buildRules = (
			);
			dependencies = (
			);
			name = Yelp;
			productName = Yelp;
			productReference = D6C4F6F519D1C5380075A39D /* Yelp.app */;
			productType = "com.apple.product-type.application";
		};
		D6C4F70919D1C5380075A39D /* YelpTests */ = {
			isa = PBXNativeTarget;
			buildConfigurationList = D6C4F71719D1C5380075A39D /* Build configuration list for PBXNativeTarget "YelpTests" */;
			buildPhases = (
				D6C4F70619D1C5380075A39D /* Sources */,
				D6C4F70719D1C5380075A39D /* Frameworks */,
				D6C4F70819D1C5380075A39D /* Resources */,
			);
			buildRules = (
			);
			dependencies = (
				D6C4F70C19D1C5380075A39D /* PBXTargetDependency */,
			);
			name = YelpTests;
			productName = YelpTests;
			productReference = D6C4F70A19D1C5380075A39D /* YelpTests.xctest */;
			productType = "com.apple.product-type.bundle.unit-test";
		};
/* End PBXNativeTarget section */

/* Begin PBXProject section */
		D6C4F6ED19D1C5380075A39D /* Project object */ = {
			isa = PBXProject;
			attributes = {
				LastUpgradeCheck = 0600;
				ORGANIZATIONNAME = "Harsha Vashisht";
				TargetAttributes = {
					D6C4F6F419D1C5380075A39D = {
						CreatedOnToolsVersion = 6.0;
					};
					D6C4F70919D1C5380075A39D = {
						CreatedOnToolsVersion = 6.0;
						TestTargetID = D6C4F6F419D1C5380075A39D;
					};
				};
			};
			buildConfigurationList = D6C4F6F019D1C5380075A39D /* Build configuration list for PBXProject "Yelp" */;
			compatibilityVersion = "Xcode 3.2";
			developmentRegion = English;
			hasScannedForEncodings = 0;
			knownRegions = (
				en,
				Base,
			);
			mainGroup = D6C4F6EC19D1C5380075A39D;
			productRefGroup = D6C4F6F619D1C5380075A39D /* Products */;
			projectDirPath = "";
			projectRoot = "";
			targets = (
				D6C4F6F419D1C5380075A39D /* Yelp */,
				D6C4F70919D1C5380075A39D /* YelpTests */,
			);
		};
/* End PBXProject section */

/* Begin PBXResourcesBuildPhase section */
		D6C4F6F319D1C5380075A39D /* Resources */ = {
			isa = PBXResourcesBuildPhase;
			buildActionMask = 2147483647;
			files = (
				D6C4F70019D1C5380075A39D /* Main.storyboard in Resources */,
				D6C4F70519D1C5380075A39D /* LaunchScreen.xib in Resources */,
				D6C4F70219D1C5380075A39D /* Images.xcassets in Resources */,
			);
			runOnlyForDeploymentPostprocessing = 0;
		};
		D6C4F70819D1C5380075A39D /* Resources */ = {
			isa = PBXResourcesBuildPhase;
			buildActionMask = 2147483647;
			files = (
			);
			runOnlyForDeploymentPostprocessing = 0;
		};
/* End PBXResourcesBuildPhase section */

/* Begin PBXShellScriptBuildPhase section */
		06741168EE794CC79A32106C /* Check Pods Manifest.lock */ = {
			isa = PBXShellScriptBuildPhase;
			buildActionMask = 2147483647;
			files = (
			);
			inputPaths = (
			);
			name = "Check Pods Manifest.lock";
			outputPaths = (
			);
			runOnlyForDeploymentPostprocessing = 0;
			shellPath = /bin/sh;
			shellScript = "diff \"${PODS_ROOT}/../Podfile.lock\" \"${PODS_ROOT}/Manifest.lock\" > /dev/null\nif [[ $? != 0 ]] ; then\n    cat << EOM\nerror: The sandbox is not in sync with the Podfile.lock. Run 'pod install' or update your CocoaPods installation.\nEOM\n    exit 1\nfi\n";
			showEnvVarsInLog = 0;
		};
		F3FC93591D684759988CF3FF /* Copy Pods Resources */ = {
			isa = PBXShellScriptBuildPhase;
			buildActionMask = 2147483647;
			files = (
			);
			inputPaths = (
			);
			name = "Copy Pods Resources";
			outputPaths = (
			);
			runOnlyForDeploymentPostprocessing = 0;
			shellPath = /bin/sh;
			shellScript = "\"${SRCROOT}/Pods/Pods-resources.sh\"\n";
			showEnvVarsInLog = 0;
		};
/* End PBXShellScriptBuildPhase section */

/* Begin PBXSourcesBuildPhase section */
		D6C4F6F119D1C5380075A39D /* Sources */ = {
			isa = PBXSourcesBuildPhase;
			buildActionMask = 2147483647;
			files = (
				D6D6104419D29A88001FA690 /* FilterCell.swift in Sources */,
				D6C4F72A19D250520075A39D /* FilterViewController.swift in Sources */,
				D6C4F72819D1CF7E0075A39D /* Restaurant.swift in Sources */,
				D6C4F72619D1CB9A0075A39D /* RestaurantCell.swift in Sources */,
				D6C4F71F19D1C9340075A39D /* YelpClient.swift in Sources */,
				D6C4F71D19D1C7150075A39D /* RestaurantsViewController.swift in Sources */,
				D6C4F6FB19D1C5380075A39D /* AppDelegate.swift in Sources */,
			);
			runOnlyForDeploymentPostprocessing = 0;
		};
		D6C4F70619D1C5380075A39D /* Sources */ = {
			isa = PBXSourcesBuildPhase;
			buildActionMask = 2147483647;
			files = (
				D6C4F71119D1C5380075A39D /* YelpTests.swift in Sources */,
			);
			runOnlyForDeploymentPostprocessing = 0;
		};
/* End PBXSourcesBuildPhase section */

/* Begin PBXTargetDependency section */
		D6C4F70C19D1C5380075A39D /* PBXTargetDependency */ = {
			isa = PBXTargetDependency;
			target = D6C4F6F419D1C5380075A39D /* Yelp */;
			targetProxy = D6C4F70B19D1C5380075A39D /* PBXContainerItemProxy */;
		};
/* End PBXTargetDependency section */

/* Begin PBXVariantGroup section */
		D6C4F6FE19D1C5380075A39D /* Main.storyboard */ = {
			isa = PBXVariantGroup;
			children = (
				D6C4F6FF19D1C5380075A39D /* Base */,
			);
			name = Main.storyboard;
			sourceTree = "<group>";
		};
		D6C4F70319D1C5380075A39D /* LaunchScreen.xib */ = {
			isa = PBXVariantGroup;
			children = (
				D6C4F70419D1C5380075A39D /* Base */,
			);
			name = LaunchScreen.xib;
			sourceTree = "<group>";
		};
/* End PBXVariantGroup section */

/* Begin XCBuildConfiguration section */
		D6C4F71219D1C5380075A39D /* Debug */ = {
			isa = XCBuildConfiguration;
			buildSettings = {
				ALWAYS_SEARCH_USER_PATHS = NO;
				CLANG_CXX_LANGUAGE_STANDARD = "gnu++0x";
				CLANG_CXX_LIBRARY = "libc++";
				CLANG_ENABLE_MODULES = YES;
				CLANG_ENABLE_OBJC_ARC = YES;
				CLANG_WARN_BOOL_CONVERSION = YES;
				CLANG_WARN_CONSTANT_CONVERSION = YES;
				CLANG_WARN_DIRECT_OBJC_ISA_USAGE = YES_ERROR;
				CLANG_WARN_EMPTY_BODY = YES;
				CLANG_WARN_ENUM_CONVERSION = YES;
				CLANG_WARN_INT_CONVERSION = YES;
				CLANG_WARN_OBJC_ROOT_CLASS = YES_ERROR;
				CLANG_WARN_UNREACHABLE_CODE = YES;
				CLANG_WARN__DUPLICATE_METHOD_MATCH = YES;
				"CODE_SIGN_IDENTITY[sdk=iphoneos*]" = "iPhone Developer";
				COPY_PHASE_STRIP = NO;
				ENABLE_STRICT_OBJC_MSGSEND = YES;
				GCC_C_LANGUAGE_STANDARD = gnu99;
				GCC_DYNAMIC_NO_PIC = NO;
				GCC_OPTIMIZATION_LEVEL = 0;
				GCC_PREPROCESSOR_DEFINITIONS = (
					"DEBUG=1",
					"$(inherited)",
				);
				GCC_SYMBOLS_PRIVATE_EXTERN = NO;
				GCC_WARN_64_TO_32_BIT_CONVERSION = YES;
				GCC_WARN_ABOUT_RETURN_TYPE = YES_ERROR;
				GCC_WARN_UNDECLARED_SELECTOR = YES;
				GCC_WARN_UNINITIALIZED_AUTOS = YES_AGGRESSIVE;
				GCC_WARN_UNUSED_FUNCTION = YES;
				GCC_WARN_UNUSED_VARIABLE = YES;
				IPHONEOS_DEPLOYMENT_TARGET = 8.0;
				MTL_ENABLE_DEBUG_INFO = YES;
				ONLY_ACTIVE_ARCH = YES;
				SDKROOT = iphoneos;
				SWIFT_OPTIMIZATION_LEVEL = "-Onone";
			};
			name = Debug;
		};
		D6C4F71319D1C5380075A39D /* Release */ = {
			isa = XCBuildConfiguration;
			buildSettings = {
				ALWAYS_SEARCH_USER_PATHS = NO;
				CLANG_CXX_LANGUAGE_STANDARD = "gnu++0x";
				CLANG_CXX_LIBRARY = "libc++";
				CLANG_ENABLE_MODULES = YES;
				CLANG_ENABLE_OBJC_ARC = YES;
				CLANG_WARN_BOOL_CONVERSION = YES;
				CLANG_WARN_CONSTANT_CONVERSION = YES;
				CLANG_WARN_DIRECT_OBJC_ISA_USAGE = YES_ERROR;
				CLANG_WARN_EMPTY_BODY = YES;
				CLANG_WARN_ENUM_CONVERSION = YES;
				CLANG_WARN_INT_CONVERSION = YES;
				CLANG_WARN_OBJC_ROOT_CLASS = YES_ERROR;
				CLANG_WARN_UNREACHABLE_CODE = YES;
				CLANG_WARN__DUPLICATE_METHOD_MATCH = YES;
				"CODE_SIGN_IDENTITY[sdk=iphoneos*]" = "iPhone Developer";
				COPY_PHASE_STRIP = YES;
				ENABLE_NS_ASSERTIONS = NO;
				ENABLE_STRICT_OBJC_MSGSEND = YES;
				GCC_C_LANGUAGE_STANDARD = gnu99;
				GCC_WARN_64_TO_32_BIT_CONVERSION = YES;
				GCC_WARN_ABOUT_RETURN_TYPE = YES_ERROR;
				GCC_WARN_UNDECLARED_SELECTOR = YES;
				GCC_WARN_UNINITIALIZED_AUTOS = YES_AGGRESSIVE;
				GCC_WARN_UNUSED_FUNCTION = YES;
				GCC_WARN_UNUSED_VARIABLE = YES;
				IPHONEOS_DEPLOYMENT_TARGET = 8.0;
				MTL_ENABLE_DEBUG_INFO = NO;
				SDKROOT = iphoneos;
				VALIDATE_PRODUCT = YES;
			};
			name = Release;
		};
		D6C4F71519D1C5380075A39D /* Debug */ = {
			isa = XCBuildConfiguration;
			baseConfigurationReference = D99E9A2867E447C1BCB356CC /* Pods.xcconfig */;
			buildSettings = {
				ASSETCATALOG_COMPILER_APPICON_NAME = AppIcon;
				CLANG_ENABLE_MODULES = YES;
				INFOPLIST_FILE = Yelp/Info.plist;
				LD_RUNPATH_SEARCH_PATHS = "$(inherited) @executable_path/Frameworks";
				PRODUCT_NAME = "$(TARGET_NAME)";
				SWIFT_OBJC_BRIDGING_HEADER = "Yelp/Yelp-Bridging-Header.h";
				SWIFT_OPTIMIZATION_LEVEL = "-Onone";
			};
			name = Debug;
		};
		D6C4F71619D1C5380075A39D /* Release */ = {
			isa = XCBuildConfiguration;
			baseConfigurationReference = D99E9A2867E447C1BCB356CC /* Pods.xcconfig */;
			buildSettings = {
				ASSETCATALOG_COMPILER_APPICON_NAME = AppIcon;
				CLANG_ENABLE_MODULES = YES;
				INFOPLIST_FILE = Yelp/Info.plist;
				LD_RUNPATH_SEARCH_PATHS = "$(inherited) @executable_path/Frameworks";
				PRODUCT_NAME = "$(TARGET_NAME)";
				SWIFT_OBJC_BRIDGING_HEADER = "Yelp/Yelp-Bridging-Header.h";
			};
			name = Release;
		};
		D6C4F71819D1C5380075A39D /* Debug */ = {
			isa = XCBuildConfiguration;
			buildSettings = {
				BUNDLE_LOADER = "$(TEST_HOST)";
				FRAMEWORK_SEARCH_PATHS = (
					"$(SDKROOT)/Developer/Library/Frameworks",
					"$(inherited)",
				);
				GCC_PREPROCESSOR_DEFINITIONS = (
					"DEBUG=1",
					"$(inherited)",
				);
				INFOPLIST_FILE = YelpTests/Info.plist;
				LD_RUNPATH_SEARCH_PATHS = "$(inherited) @executable_path/Frameworks @loader_path/Frameworks";
				PRODUCT_NAME = "$(TARGET_NAME)";
				TEST_HOST = "$(BUILT_PRODUCTS_DIR)/Yelp.app/Yelp";
			};
			name = Debug;
		};
		D6C4F71919D1C5380075A39D /* Release */ = {
			isa = XCBuildConfiguration;
			buildSettings = {
				BUNDLE_LOADER = "$(TEST_HOST)";
				FRAMEWORK_SEARCH_PATHS = (
					"$(SDKROOT)/Developer/Library/Frameworks",
					"$(inherited)",
				);
				INFOPLIST_FILE = YelpTests/Info.plist;
				LD_RUNPATH_SEARCH_PATHS = "$(inherited) @executable_path/Frameworks @loader_path/Frameworks";
				PRODUCT_NAME = "$(TARGET_NAME)";
				TEST_HOST = "$(BUILT_PRODUCTS_DIR)/Yelp.app/Yelp";
			};
			name = Release;
		};
/* End XCBuildConfiguration section */

/* Begin XCConfigurationList section */
		D6C4F6F019D1C5380075A39D /* Build configuration list for PBXProject "Yelp" */ = {
			isa = XCConfigurationList;
			buildConfigurations = (
				D6C4F71219D1C5380075A39D /* Debug */,
				D6C4F71319D1C5380075A39D /* Release */,
			);
			defaultConfigurationIsVisible = 0;
			defaultConfigurationName = Release;
		};
		D6C4F71419D1C5380075A39D /* Build configuration list for PBXNativeTarget "Yelp" */ = {
			isa = XCConfigurationList;
			buildConfigurations = (
				D6C4F71519D1C5380075A39D /* Debug */,
				D6C4F71619D1C5380075A39D /* Release */,
			);
			defaultConfigurationIsVisible = 0;
			defaultConfigurationName = Release;
		};
		D6C4F71719D1C5380075A39D /* Build configuration list for PBXNativeTarget "YelpTests" */ = {
			isa = XCConfigurationList;
			buildConfigurations = (
				D6C4F71819D1C5380075A39D /* Debug */,
				D6C4F71919D1C5380075A39D /* Release */,
			);
			defaultConfigurationIsVisible = 0;
			defaultConfigurationName = Release;
		};
/* End XCConfigurationList section */
	};
	rootObject = D6C4F6ED19D1C5380075A39D /* Project object */;
}
